# Generated by buf. DO NOT EDIT.
version: v1
deps:
  - remote: buf.build
    owner: cosmos
    repository: cosmos-proto
    commit: 04467658e59e44bbb22fe568206e1f70
    digest: shake256:73a640bd60e0c523b0f8237ff34eab67c45a38b64bbbde1d80224819d272dbf316ac183526bd245f994af6608b025f5130483d0133c5edd385531326b5990466
  - remote: buf.build
    owner: cosmos
    repository: gogo-proto
    commit: 88ef6483f90f478fb938c37dde52ece3
    digest: shake256:89c45df2aa11e0cff97b0d695436713db3d993d76792e9f8dc1ae90e6ab9a9bec55503d48ceedd6b86069ab07d3041b32001b2bfe0227fa725dd515ff381e5ba
  - remote: buf.build
    owner: cosmos
    repository: ibc
    commit: 3b5bdd569a724b35be3cc4cd427f05a1
    digest: shake256:79386bc91fc4d3fff02edc9b08d0140ce8b14d6e69490a460b4e58153e2d47d34edd2a239da6609c8cb1540c0f6173bd6bd1d0657fa87eae725487dada57c60f
  - remote: buf.build
    owner: cosmos
    repository: ics23
    commit: 55085f7c710a45f58fa09947208eb70b
    digest: shake256:9bf0bc495b5a11c88d163d39ef521bc4b00bc1374a05758c91d82821bdc61f09e8c2c51dda8452529bf80137f34d852561eacbe9550a59015d51cecb0dacb628
  - remote: buf.build
    owner: googleapis
    repository: googleapis
    commit: 61b203b9a9164be9a834f58c37be6f62
    digest: shake256:e619113001d6e284ee8a92b1561e5d4ea89a47b28bf0410815cb2fa23914df8be9f1a6a98dcf069f5bc2d829a2cfb1ac614863be45cd4f8a5ad8606c5f200224
  - remote: buf.build
    owner: persistence
    repository: cosmos-sdk-lsm
    commit: ac3de0dcbfbe4150b68e337f3063beed
    digest: shake256:85111a50f8f3d210189e8b5c179c9883f2b94d99028814f9ebec0680b4f2bd365086c3fa1d8bb5990b35b316f1ac4854bfbcd3b954060f065025e94c21989ca5
